
Microsoft Visual Studio Solution File, Format Version 12.00
# Visual Studio 15
VisualStudioVersion = 15.0.26124.0
MinimumVisualStudioVersion = 15.0.26124.0
Project("{FAE04EC0-301F-11D3-BF4B-00C04F79EFBC}") = "Domain", "Domain\Domain.csproj", "{A410A1DC-0D1B-4B27-AAF1-3DB5E344706E}"
EndProject
Project("{FAE04EC0-301F-11D3-BF4B-00C04F79EFBC}") = "Application", "Application\Application.csproj", "{DB5302D3-0208-44DF-BC68-507E5B6CDA4A}"
EndProject
Project("{FAE04EC0-301F-11D3-BF4B-00C04F79EFBC}") = "Persistance", "Persistance\Persistance.csproj", "{6913FA62-C36F-4325-ACD4-E7802A52618C}"
EndProject
Project("{FAE04EC0-301F-11D3-BF4B-00C04F79EFBC}") = "API", "API\API.csproj", "{959DEB99-0822-4818-8484-ABDA4F8632EC}"
EndProject
Global
	GlobalSection(SolutionConfigurationPlatforms) = preSolution
		Debug|Any CPU = Debug|Any CPU
		Debug|x64 = Debug|x64
		Debug|x86 = Debug|x86
		Release|Any CPU = Release|Any CPU
		Release|x64 = Release|x64
		Release|x86 = Release|x86
	EndGlobalSection
	GlobalSection(SolutionProperties) = preSolution
		HideSolutionNode = FALSE
	EndGlobalSection
	GlobalSection(ProjectConfigurationPlatforms) = postSolution
		{A410A1DC-0D1B-4B27-AAF1-3DB5E344706E}.Debug|Any CPU.ActiveCfg = Debug|Any CPU
		{A410A1DC-0D1B-4B27-AAF1-3DB5E344706E}.Debug|Any CPU.Build.0 = Debug|Any CPU
		{A410A1DC-0D1B-4B27-AAF1-3DB5E344706E}.Debug|x64.ActiveCfg = Debug|Any CPU
		{A410A1DC-0D1B-4B27-AAF1-3DB5E344706E}.Debug|x64.Build.0 = Debug|Any CPU
		{A410A1DC-0D1B-4B27-AAF1-3DB5E344706E}.Debug|x86.ActiveCfg = Debug|Any CPU
		{A410A1DC-0D1B-4B27-AAF1-3DB5E344706E}.Debug|x86.Build.0 = Debug|Any CPU
		{A410A1DC-0D1B-4B27-AAF1-3DB5E344706E}.Release|Any CPU.ActiveCfg = Release|Any CPU
		{A410A1DC-0D1B-4B27-AAF1-3DB5E344706E}.Release|Any CPU.Build.0 = Release|Any CPU
		{A410A1DC-0D1B-4B27-AAF1-3DB5E344706E}.Release|x64.ActiveCfg = Release|Any CPU
		{A410A1DC-0D1B-4B27-AAF1-3DB5E344706E}.Release|x64.Build.0 = Release|Any CPU
		{A410A1DC-0D1B-4B27-AAF1-3DB5E344706E}.Release|x86.ActiveCfg = Release|Any CPU
		{A410A1DC-0D1B-4B27-AAF1-3DB5E344706E}.Release|x86.Build.0 = Release|Any CPU
		{DB5302D3-0208-44DF-BC68-507E5B6CDA4A}.Debug|Any CPU.ActiveCfg = Debug|Any CPU
		{DB5302D3-0208-44DF-BC68-507E5B6CDA4A}.Debug|Any CPU.Build.0 = Debug|Any CPU
		{DB5302D3-0208-44DF-BC68-507E5B6CDA4A}.Debug|x64.ActiveCfg = Debug|Any CPU
		{DB5302D3-0208-44DF-BC68-507E5B6CDA4A}.Debug|x64.Build.0 = Debug|Any CPU
		{DB5302D3-0208-44DF-BC68-507E5B6CDA4A}.Debug|x86.ActiveCfg = Debug|Any CPU
		{DB5302D3-0208-44DF-BC68-507E5B6CDA4A}.Debug|x86.Build.0 = Debug|Any CPU
		{DB5302D3-0208-44DF-BC68-507E5B6CDA4A}.Release|Any CPU.ActiveCfg = Release|Any CPU
		{DB5302D3-0208-44DF-BC68-507E5B6CDA4A}.Release|Any CPU.Build.0 = Release|Any CPU
		{DB5302D3-0208-44DF-BC68-507E5B6CDA4A}.Release|x64.ActiveCfg = Release|Any CPU
		{DB5302D3-0208-44DF-BC68-507E5B6CDA4A}.Release|x64.Build.0 = Release|Any CPU
		{DB5302D3-0208-44DF-BC68-507E5B6CDA4A}.Release|x86.ActiveCfg = Release|Any CPU
		{DB5302D3-0208-44DF-BC68-507E5B6CDA4A}.Release|x86.Build.0 = Release|Any CPU
		{6913FA62-C36F-4325-ACD4-E7802A52618C}.Debug|Any CPU.ActiveCfg = Debug|Any CPU
		{6913FA62-C36F-4325-ACD4-E7802A52618C}.Debug|Any CPU.Build.0 = Debug|Any CPU
		{6913FA62-C36F-4325-ACD4-E7802A52618C}.Debug|x64.ActiveCfg = Debug|Any CPU
		{6913FA62-C36F-4325-ACD4-E7802A52618C}.Debug|x64.Build.0 = Debug|Any CPU
		{6913FA62-C36F-4325-ACD4-E7802A52618C}.Debug|x86.ActiveCfg = Debug|Any CPU
		{6913FA62-C36F-4325-ACD4-E7802A52618C}.Debug|x86.Build.0 = Debug|Any CPU
		{6913FA62-C36F-4325-ACD4-E7802A52618C}.Release|Any CPU.ActiveCfg = Release|Any CPU
		{6913FA62-C36F-4325-ACD4-E7802A52618C}.Release|Any CPU.Build.0 = Release|Any CPU
		{6913FA62-C36F-4325-ACD4-E7802A52618C}.Release|x64.ActiveCfg = Release|Any CPU
		{6913FA62-C36F-4325-ACD4-E7802A52618C}.Release|x64.Build.0 = Release|Any CPU
		{6913FA62-C36F-4325-ACD4-E7802A52618C}.Release|x86.ActiveCfg = Release|Any CPU
		{6913FA62-C36F-4325-ACD4-E7802A52618C}.Release|x86.Build.0 = Release|Any CPU
		{959DEB99-0822-4818-8484-ABDA4F8632EC}.Debug|Any CPU.ActiveCfg = Debug|Any CPU
		{959DEB99-0822-4818-8484-ABDA4F8632EC}.Debug|Any CPU.Build.0 = Debug|Any CPU
		{959DEB99-0822-4818-8484-ABDA4F8632EC}.Debug|x64.ActiveCfg = Debug|Any CPU
		{959DEB99-0822-4818-8484-ABDA4F8632EC}.Debug|x64.Build.0 = Debug|Any CPU
		{959DEB99-0822-4818-8484-ABDA4F8632EC}.Debug|x86.ActiveCfg = Debug|Any CPU
		{959DEB99-0822-4818-8484-ABDA4F8632EC}.Debug|x86.Build.0 = Debug|Any CPU
		{959DEB99-0822-4818-8484-ABDA4F8632EC}.Release|Any CPU.ActiveCfg = Release|Any CPU
		{959DEB99-0822-4818-8484-ABDA4F8632EC}.Release|Any CPU.Build.0 = Release|Any CPU
		{959DEB99-0822-4818-8484-ABDA4F8632EC}.Release|x64.ActiveCfg = Release|Any CPU
		{959DEB99-0822-4818-8484-ABDA4F8632EC}.Release|x64.Build.0 = Release|Any CPU
		{959DEB99-0822-4818-8484-ABDA4F8632EC}.Release|x86.ActiveCfg = Release|Any CPU
		{959DEB99-0822-4818-8484-ABDA4F8632EC}.Release|x86.Build.0 = Release|Any CPU
	EndGlobalSection
EndGlobal
